{
  "name": "pi-personas",
  "version": "0.1.0",
  "lockfileVersion": 3,
  "requires": true,
  "packages": {
    "": {
      "name": "pi-personas",
      "version": "0.1.0",
      "dependencies": {
        "yaml": "^2.9.0"
      },
      "peerDependencies": {
        "@earendil-works/pi-coding-agent": "*",
        "pi-intercom": ">=0.6.0",
        "pi-subagents": ">=0.31.0"
      }
    },
    "node_modules/yaml": {
      "version": "2.9.0",
      "license": "ISC",
      "bin": {
        "yaml": "bin.mjs"
      },
      "engines": {
        "node": ">= 14.6"
      },
      "funding": {
        "url": "https://github.com/sponsors/eemeli"
      }
    }
  }
}
